
Microsoft Visual Studio Solution File, Format Version 12.00
# Visual Studio Version 16
VisualStudioVersion = 16.0.32428.217
MinimumVisualStudioVersion = 10.0.40219.1
Project("{8BC9CEB8-8B4A-11D0-8D11-00A0C91BC942}") = "Compress(KaKaoBlindRecruitMent)", "Compress(KaKaoBlindRecruitMent)\Compress(KaKaoBlindRecruitMent).vcxproj", "{03A99BE9-4B17-40E4-AC14-B80366F3A336}"
EndProject
Global
	GlobalSection(SolutionConfigurationPlatforms) = preSolution
		Debug|x64 = Debug|x64
		Debug|x86 = Debug|x86
		Release|x64 = Release|x64
		Release|x86 = Release|x86
	EndGlobalSection
	GlobalSection(ProjectConfigurationPlatforms) = postSolution
		{03A99BE9-4B17-40E4-AC14-B80366F3A336}.Debug|x64.ActiveCfg = Debug|x64
		{03A99BE9-4B17-40E4-AC14-B80366F3A336}.Debug|x64.Build.0 = Debug|x64
		{03A99BE9-4B17-40E4-AC14-B80366F3A336}.Debug|x86.ActiveCfg = Debug|Win32
		{03A99BE9-4B17-40E4-AC14-B80366F3A336}.Debug|x86.Build.0 = Debug|Win32
		{03A99BE9-4B17-40E4-AC14-B80366F3A336}.Release|x64.ActiveCfg = Release|x64
		{03A99BE9-4B17-40E4-AC14-B80366F3A336}.Release|x64.Build.0 = Release|x64
		{03A99BE9-4B17-40E4-AC14-B80366F3A336}.Release|x86.ActiveCfg = Release|Win32
		{03A99BE9-4B17-40E4-AC14-B80366F3A336}.Release|x86.Build.0 = Release|Win32
	EndGlobalSection
	GlobalSection(SolutionProperties) = preSolution
		HideSolutionNode = FALSE
	EndGlobalSection
	GlobalSection(ExtensibilityGlobals) = postSolution
		SolutionGuid = {EE527755-1AD9-40BA-8957-D21A95BD05CA}
	EndGlobalSection
EndGlobal
