
Microsoft Visual Studio Solution File, Format Version 12.00
# Visual Studio Version 16
VisualStudioVersion = 16.0.30204.135
MinimumVisualStudioVersion = 10.0.40219.1
Project("{8BC9CEB8-8B4A-11D0-8D11-00A0C91BC942}") = "CorrectBracket(Programmers)", "CorrectBracket(Programmers)\CorrectBracket(Programmers).vcxproj", "{051940C2-E036-4C79-B101-BB978B7F5FDC}"
EndProject
Global
	GlobalSection(SolutionConfigurationPlatforms) = preSolution
		Debug|x64 = Debug|x64
		Debug|x86 = Debug|x86
		Release|x64 = Release|x64
		Release|x86 = Release|x86
	EndGlobalSection
	GlobalSection(ProjectConfigurationPlatforms) = postSolution
		{051940C2-E036-4C79-B101-BB978B7F5FDC}.Debug|x64.ActiveCfg = Debug|x64
		{051940C2-E036-4C79-B101-BB978B7F5FDC}.Debug|x64.Build.0 = Debug|x64
		{051940C2-E036-4C79-B101-BB978B7F5FDC}.Debug|x86.ActiveCfg = Debug|Win32
		{051940C2-E036-4C79-B101-BB978B7F5FDC}.Debug|x86.Build.0 = Debug|Win32
		{051940C2-E036-4C79-B101-BB978B7F5FDC}.Release|x64.ActiveCfg = Release|x64
		{051940C2-E036-4C79-B101-BB978B7F5FDC}.Release|x64.Build.0 = Release|x64
		{051940C2-E036-4C79-B101-BB978B7F5FDC}.Release|x86.ActiveCfg = Release|Win32
		{051940C2-E036-4C79-B101-BB978B7F5FDC}.Release|x86.Build.0 = Release|Win32
	EndGlobalSection
	GlobalSection(SolutionProperties) = preSolution
		HideSolutionNode = FALSE
	EndGlobalSection
	GlobalSection(ExtensibilityGlobals) = postSolution
		SolutionGuid = {968485D0-E0EE-4C44-9300-C1C5EB5F52F6}
	EndGlobalSection
EndGlobal
