
Microsoft Visual Studio Solution File, Format Version 12.00
# Visual Studio Version 16
VisualStudioVersion = 16.0.32428.217
MinimumVisualStudioVersion = 10.0.40219.1
Project("{8BC9CEB8-8B4A-11D0-8D11-00A0C91BC942}") = "SearchBigSquare(Programmers)", "SearchBigSquare(Programmers)\SearchBigSquare(Programmers).vcxproj", "{E3B17D62-3EE0-4ED1-AE2E-6770618222F6}"
EndProject
Global
	GlobalSection(SolutionConfigurationPlatforms) = preSolution
		Debug|x64 = Debug|x64
		Debug|x86 = Debug|x86
		Release|x64 = Release|x64
		Release|x86 = Release|x86
	EndGlobalSection
	GlobalSection(ProjectConfigurationPlatforms) = postSolution
		{E3B17D62-3EE0-4ED1-AE2E-6770618222F6}.Debug|x64.ActiveCfg = Debug|x64
		{E3B17D62-3EE0-4ED1-AE2E-6770618222F6}.Debug|x64.Build.0 = Debug|x64
		{E3B17D62-3EE0-4ED1-AE2E-6770618222F6}.Debug|x86.ActiveCfg = Debug|Win32
		{E3B17D62-3EE0-4ED1-AE2E-6770618222F6}.Debug|x86.Build.0 = Debug|Win32
		{E3B17D62-3EE0-4ED1-AE2E-6770618222F6}.Release|x64.ActiveCfg = Release|x64
		{E3B17D62-3EE0-4ED1-AE2E-6770618222F6}.Release|x64.Build.0 = Release|x64
		{E3B17D62-3EE0-4ED1-AE2E-6770618222F6}.Release|x86.ActiveCfg = Release|Win32
		{E3B17D62-3EE0-4ED1-AE2E-6770618222F6}.Release|x86.Build.0 = Release|Win32
	EndGlobalSection
	GlobalSection(SolutionProperties) = preSolution
		HideSolutionNode = FALSE
	EndGlobalSection
	GlobalSection(ExtensibilityGlobals) = postSolution
		SolutionGuid = {F03CC5FF-B429-4C95-A62F-8C146B930BBE}
	EndGlobalSection
EndGlobal
